
Microsoft Visual Studio Solution File, Format Version 12.00
# Visual Studio 15
VisualStudioVersion = 15.0.27130.2027
MinimumVisualStudioVersion = 10.0.40219.1
Project("{FAE04EC0-301F-11D3-BF4B-00C04F79EFBC}") = "Assignment_4_DJH", "Assignment_4_DJH\Assignment_4_DJH.csproj", "{83AF5E1B-5B26-41A5-B435-F0F9605536C1}"
EndProject
Global
	GlobalSection(SolutionConfigurationPlatforms) = preSolution
		Debug|Any CPU = Debug|Any CPU
		Release|Any CPU = Release|Any CPU
	EndGlobalSection
	GlobalSection(ProjectConfigurationPlatforms) = postSolution
		{83AF5E1B-5B26-41A5-B435-F0F9605536C1}.Debug|Any CPU.ActiveCfg = Debug|Any CPU
		{83AF5E1B-5B26-41A5-B435-F0F9605536C1}.Debug|Any CPU.Build.0 = Debug|Any CPU
		{83AF5E1B-5B26-41A5-B435-F0F9605536C1}.Release|Any CPU.ActiveCfg = Release|Any CPU
		{83AF5E1B-5B26-41A5-B435-F0F9605536C1}.Release|Any CPU.Build.0 = Release|Any CPU
	EndGlobalSection
	GlobalSection(SolutionProperties) = preSolution
		HideSolutionNode = FALSE
	EndGlobalSection
	GlobalSection(ExtensibilityGlobals) = postSolution
		SolutionGuid = {63F55FF0-3735-4A00-A5C6-46E64CBDB7DC}
	EndGlobalSection
EndGlobal
