
Microsoft Visual Studio Solution File, Format Version 12.00
# Visual Studio 15
VisualStudioVersion = 15.0.27130.2024
MinimumVisualStudioVersion = 10.0.40219.1
Project("{FAE04EC0-301F-11D3-BF4B-00C04F79EFBC}") = "Assignment_8", "Assignment_8\Assignment_8.csproj", "{E29C16BE-DA80-425B-B089-B3CBA1ABC42F}"
EndProject
Global
	GlobalSection(SolutionConfigurationPlatforms) = preSolution
		Debug|Any CPU = Debug|Any CPU
		Release|Any CPU = Release|Any CPU
	EndGlobalSection
	GlobalSection(ProjectConfigurationPlatforms) = postSolution
		{E29C16BE-DA80-425B-B089-B3CBA1ABC42F}.Debug|Any CPU.ActiveCfg = Debug|Any CPU
		{E29C16BE-DA80-425B-B089-B3CBA1ABC42F}.Debug|Any CPU.Build.0 = Debug|Any CPU
		{E29C16BE-DA80-425B-B089-B3CBA1ABC42F}.Release|Any CPU.ActiveCfg = Release|Any CPU
		{E29C16BE-DA80-425B-B089-B3CBA1ABC42F}.Release|Any CPU.Build.0 = Release|Any CPU
	EndGlobalSection
	GlobalSection(SolutionProperties) = preSolution
		HideSolutionNode = FALSE
	EndGlobalSection
	GlobalSection(ExtensibilityGlobals) = postSolution
		SolutionGuid = {949FA013-B743-47AF-B670-59ACF272E914}
	EndGlobalSection
EndGlobal
