
Microsoft Visual Studio Solution File, Format Version 12.00
# Visual Studio 15
VisualStudioVersion = 15.0.27130.2024
MinimumVisualStudioVersion = 10.0.40219.1
Project("{FAE04EC0-301F-11D3-BF4B-00C04F79EFBC}") = "Assignment_9", "Assignment_9\Assignment_9.csproj", "{52C5B641-1B79-49A8-B6B8-A41B624321AA}"
EndProject
Global
	GlobalSection(SolutionConfigurationPlatforms) = preSolution
		Debug|Any CPU = Debug|Any CPU
		Release|Any CPU = Release|Any CPU
	EndGlobalSection
	GlobalSection(ProjectConfigurationPlatforms) = postSolution
		{52C5B641-1B79-49A8-B6B8-A41B624321AA}.Debug|Any CPU.ActiveCfg = Debug|Any CPU
		{52C5B641-1B79-49A8-B6B8-A41B624321AA}.Debug|Any CPU.Build.0 = Debug|Any CPU
		{52C5B641-1B79-49A8-B6B8-A41B624321AA}.Release|Any CPU.ActiveCfg = Release|Any CPU
		{52C5B641-1B79-49A8-B6B8-A41B624321AA}.Release|Any CPU.Build.0 = Release|Any CPU
	EndGlobalSection
	GlobalSection(SolutionProperties) = preSolution
		HideSolutionNode = FALSE
	EndGlobalSection
	GlobalSection(ExtensibilityGlobals) = postSolution
		SolutionGuid = {417EE017-AA60-4CC3-929A-B2D95E1B180E}
	EndGlobalSection
EndGlobal
