
Microsoft Visual Studio Solution File, Format Version 12.00
# Visual Studio 15
VisualStudioVersion = 15.0.27130.2024
MinimumVisualStudioVersion = 10.0.40219.1
Project("{FAE04EC0-301F-11D3-BF4B-00C04F79EFBC}") = "assignment_5_djh", "assignment_5_djh\assignment_5_djh.csproj", "{43DAE5CC-C435-47CF-B7BE-9C39BF1B601E}"
EndProject
Global
	GlobalSection(SolutionConfigurationPlatforms) = preSolution
		Debug|Any CPU = Debug|Any CPU
		Release|Any CPU = Release|Any CPU
	EndGlobalSection
	GlobalSection(ProjectConfigurationPlatforms) = postSolution
		{43DAE5CC-C435-47CF-B7BE-9C39BF1B601E}.Debug|Any CPU.ActiveCfg = Debug|Any CPU
		{43DAE5CC-C435-47CF-B7BE-9C39BF1B601E}.Debug|Any CPU.Build.0 = Debug|Any CPU
		{43DAE5CC-C435-47CF-B7BE-9C39BF1B601E}.Release|Any CPU.ActiveCfg = Release|Any CPU
		{43DAE5CC-C435-47CF-B7BE-9C39BF1B601E}.Release|Any CPU.Build.0 = Release|Any CPU
	EndGlobalSection
	GlobalSection(SolutionProperties) = preSolution
		HideSolutionNode = FALSE
	EndGlobalSection
	GlobalSection(ExtensibilityGlobals) = postSolution
		SolutionGuid = {D7CA8ADE-F128-4AD1-9CC7-3DB9530A2B5F}
	EndGlobalSection
EndGlobal
